
Microsoft Visual Studio Solution File, Format Version 12.00
# Visual Studio 14
VisualStudioVersion = 14.0.25420.1
MinimumVisualStudioVersion = 10.0.40219.1
Project("{FAE04EC0-301F-11D3-BF4B-00C04F79EFBC}") = "KennyAndRob.Millionaire", "KennyAndRob.Millionaire\KennyAndRob.Millionaire.csproj", "{F66EAB84-71D3-413D-933D-BA19D145C19F}"
EndProject
Project("{FAE04EC0-301F-11D3-BF4B-00C04F79EFBC}") = "KennyAndRob.Millionaire.Tests", "KennyAndRob.Millionaire.Tests\KennyAndRob.Millionaire.Tests.csproj", "{E85A617B-0CBA-46A8-9C52-D4F29A59BF00}"
EndProject
Global
	GlobalSection(SolutionConfigurationPlatforms) = preSolution
		Debug|Any CPU = Debug|Any CPU
		Release|Any CPU = Release|Any CPU
	EndGlobalSection
	GlobalSection(ProjectConfigurationPlatforms) = postSolution
		{F66EAB84-71D3-413D-933D-BA19D145C19F}.Debug|Any CPU.ActiveCfg = Debug|Any CPU
		{F66EAB84-71D3-413D-933D-BA19D145C19F}.Debug|Any CPU.Build.0 = Debug|Any CPU
		{F66EAB84-71D3-413D-933D-BA19D145C19F}.Release|Any CPU.ActiveCfg = Release|Any CPU
		{F66EAB84-71D3-413D-933D-BA19D145C19F}.Release|Any CPU.Build.0 = Release|Any CPU
		{E85A617B-0CBA-46A8-9C52-D4F29A59BF00}.Debug|Any CPU.ActiveCfg = Debug|Any CPU
		{E85A617B-0CBA-46A8-9C52-D4F29A59BF00}.Debug|Any CPU.Build.0 = Debug|Any CPU
		{E85A617B-0CBA-46A8-9C52-D4F29A59BF00}.Release|Any CPU.ActiveCfg = Release|Any CPU
		{E85A617B-0CBA-46A8-9C52-D4F29A59BF00}.Release|Any CPU.Build.0 = Release|Any CPU
	EndGlobalSection
	GlobalSection(SolutionProperties) = preSolution
		HideSolutionNode = FALSE
	EndGlobalSection
EndGlobal
